
Microsoft Visual Studio Solution File, Format Version 12.00
# Visual Studio 14
VisualStudioVersion = 14.0.24720.0
MinimumVisualStudioVersion = 10.0.40219.1
Project("{FAE04EC0-301F-11D3-BF4B-00C04F79EFBC}") = "SampleLib", "SampleLib\SampleLib.csproj", "{13A0C485-08E8-439A-886F-C02977F9C07E}"
EndProject
Project("{FAE04EC0-301F-11D3-BF4B-00C04F79EFBC}") = "SampleLib.Test", "SampleLib.Test\SampleLib.Test.csproj", "{20205BB4-C6F2-4908-9439-B20DD1D41013}"
EndProject
Global
	GlobalSection(SolutionConfigurationPlatforms) = preSolution
		Debug|Any CPU = Debug|Any CPU
		Release|Any CPU = Release|Any CPU
	EndGlobalSection
	GlobalSection(ProjectConfigurationPlatforms) = postSolution
		{13A0C485-08E8-439A-886F-C02977F9C07E}.Debug|Any CPU.ActiveCfg = Debug|Any CPU
		{13A0C485-08E8-439A-886F-C02977F9C07E}.Debug|Any CPU.Build.0 = Debug|Any CPU
		{13A0C485-08E8-439A-886F-C02977F9C07E}.Release|Any CPU.ActiveCfg = Release|Any CPU
		{13A0C485-08E8-439A-886F-C02977F9C07E}.Release|Any CPU.Build.0 = Release|Any CPU
		{20205BB4-C6F2-4908-9439-B20DD1D41013}.Debug|Any CPU.ActiveCfg = Debug|Any CPU
		{20205BB4-C6F2-4908-9439-B20DD1D41013}.Debug|Any CPU.Build.0 = Debug|Any CPU
		{20205BB4-C6F2-4908-9439-B20DD1D41013}.Release|Any CPU.ActiveCfg = Release|Any CPU
		{20205BB4-C6F2-4908-9439-B20DD1D41013}.Release|Any CPU.Build.0 = Release|Any CPU
	EndGlobalSection
	GlobalSection(SolutionProperties) = preSolution
		HideSolutionNode = FALSE
	EndGlobalSection
EndGlobal
